// !$*UTF8*$!
{
	archiveVersion = 1;
	classes = {
	};
	objectVersion = 77;
	objects = {

/* Begin PBXBuildFile section */
		4268200C2CD509AE00D445D2 /* ZIPFoundation in Frameworks */ = {isa = PBXBuildFile; productRef = 4268200B2CD509AE00D445D2 /* ZIPFoundation */; };
/* End PBXBuildFile section */

/* Begin PBXContainerItemProxy section */
		42681FD62CD5067E00D445D2 /* PBXContainerItemProxy */ = {
			isa = PBXContainerItemProxy;
			containerPortal = 42681FB72CD5067D00D445D2 /* Project object */;
			proxyType = 1;
			remoteGlobalIDString = 42681FBE2CD5067D00D445D2;
			remoteInfo = VLImageUploader;
		};
		42681FE02CD5067E00D445D2 /* PBXContainerItemProxy */ = {
			isa = PBXContainerItemProxy;
			containerPortal = 42681FB72CD5067D00D445D2 /* Project object */;
			proxyType = 1;
			remoteGlobalIDString = 42681FBE2CD5067D00D445D2;
			remoteInfo = VLImageUploader;
		};
/* End PBXContainerItemProxy section */

/* Begin PBXFileReference section */
		42681FBF2CD5067D00D445D2 /* VLImageUploader.app */ = {isa = PBXFileReference; explicitFileType = wrapper.application; includeInIndex = 0; path = VLImageUploader.app; sourceTree = BUILT_PRODUCTS_DIR; };
		42681FD52CD5067E00D445D2 /* VLImageUploaderTests.xctest */ = {isa = PBXFileReference; explicitFileType = wrapper.cfbundle; includeInIndex = 0; path = VLImageUploaderTests.xctest; sourceTree = BUILT_PRODUCTS_DIR; };
		42681FDF2CD5067E00D445D2 /* VLImageUploaderUITests.xctest */ = {isa = PBXFileReference; explicitFileType = wrapper.cfbundle; includeInIndex = 0; path = VLImageUploaderUITests.xctest; sourceTree = BUILT_PRODUCTS_DIR; };
/* End PBXFileReference section */

/* Begin PBXFileSystemSynchronizedBuildFileExceptionSet section */
		42681FE72CD5067E00D445D2 /* Exceptions for "VLImageUploader" folder in "VLImageUploader" target */ = {
			isa = PBXFileSystemSynchronizedBuildFileExceptionSet;
			membershipExceptions = (
				Info.plist,
			);
			target = 42681FBE2CD5067D00D445D2 /* VLImageUploader */;
		};
/* End PBXFileSystemSynchronizedBuildFileExceptionSet section */

/* Begin PBXFileSystemSynchronizedRootGroup section */
		42681FC12CD5067D00D445D2 /* VLImageUploader */ = {
			isa = PBXFileSystemSynchronizedRootGroup;
			exceptions = (
				42681FE72CD5067E00D445D2 /* Exceptions for "VLImageUploader" folder in "VLImageUploader" target */,
			);
			path = VLImageUploader;
			sourceTree = "<group>";
		};
		42681FD82CD5067E00D445D2 /* VLImageUploaderTests */ = {
			isa = PBXFileSystemSynchronizedRootGroup;
			path = VLImageUploaderTests;
			sourceTree = "<group>";
		};
		42681FE22CD5067E00D445D2 /* VLImageUploaderUITests */ = {
			isa = PBXFileSystemSynchronizedRootGroup;
			path = VLImageUploaderUITests;
			sourceTree = "<group>";
		};
/* End PBXFileSystemSynchronizedRootGroup section */

/* Begin PBXFrameworksBuildPhase section */
		42681FBC2CD5067D00D445D2 /* Frameworks */ = {
			isa = PBXFrameworksBuildPhase;
			buildActionMask = 2147483647;
			files = (
				4268200C2CD509AE00D445D2 /* ZIPFoundation in Frameworks */,
			);
			runOnlyForDeploymentPostprocessing = 0;
		};
		42681FD22CD5067E00D445D2 /* Frameworks */ = {
			isa = PBXFrameworksBuildPhase;
			buildActionMask = 2147483647;
			files = (
			);
			runOnlyForDeploymentPostprocessing = 0;
		};
		42681FDC2CD5067E00D445D2 /* Frameworks */ = {
			isa = PBXFrameworksBuildPhase;
			buildActionMask = 2147483647;
			files = (
			);
			runOnlyForDeploymentPostprocessing = 0;
		};
/* End PBXFrameworksBuildPhase section */

/* Begin PBXGroup section */
		42681FB62CD5067D00D445D2 = {
			isa = PBXGroup;
			children = (
				42681FC12CD5067D00D445D2 /* VLImageUploader */,
				42681FD82CD5067E00D445D2 /* VLImageUploaderTests */,
				42681FE22CD5067E00D445D2 /* VLImageUploaderUITests */,
				4268200A2CD509AE00D445D2 /* Frameworks */,
				42681FC02CD5067D00D445D2 /* Products */,
			);
			sourceTree = "<group>";
		};
		42681FC02CD5067D00D445D2 /* Products */ = {
			isa = PBXGroup;
			children = (
				42681FBF2CD5067D00D445D2 /* VLImageUploader.app */,
				42681FD52CD5067E00D445D2 /* VLImageUploaderTests.xctest */,
				42681FDF2CD5067E00D445D2 /* VLImageUploaderUITests.xctest */,
			);
			name = Products;
			sourceTree = "<group>";
		};
		4268200A2CD509AE00D445D2 /* Frameworks */ = {
			isa = PBXGroup;
			children = (
			);
			name = Frameworks;
			sourceTree = "<group>";
		};
/* End PBXGroup section */

/* Begin PBXNativeTarget section */
		42681FBE2CD5067D00D445D2 /* VLImageUploader */ = {
			isa = PBXNativeTarget;
			buildConfigurationList = 42681FE82CD5067E00D445D2 /* Build configuration list for PBXNativeTarget "VLImageUploader" */;
			buildPhases = (
				42681FBB2CD5067D00D445D2 /* Sources */,
				42681FBC2CD5067D00D445D2 /* Frameworks */,
				42681FBD2CD5067D00D445D2 /* Resources */,
			);
			buildRules = (
			);
			dependencies = (
			);
			fileSystemSynchronizedGroups = (
				42681FC12CD5067D00D445D2 /* VLImageUploader */,
			);
			name = VLImageUploader;
			packageProductDependencies = (
				4268200B2CD509AE00D445D2 /* ZIPFoundation */,
			);
			productName = VLImageUploader;
			productReference = 42681FBF2CD5067D00D445D2 /* VLImageUploader.app */;
			productType = "com.apple.product-type.application";
		};
		42681FD42CD5067E00D445D2 /* VLImageUploaderTests */ = {
			isa = PBXNativeTarget;
			buildConfigurationList = 42681FED2CD5067E00D445D2 /* Build configuration list for PBXNativeTarget "VLImageUploaderTests" */;
			buildPhases = (
				42681FD12CD5067E00D445D2 /* Sources */,
				42681FD22CD5067E00D445D2 /* Frameworks */,
				42681FD32CD5067E00D445D2 /* Resources */,
			);
			buildRules = (
			);
			dependencies = (
				42681FD72CD5067E00D445D2 /* PBXTargetDependency */,
			);
			fileSystemSynchronizedGroups = (
				42681FD82CD5067E00D445D2 /* VLImageUploaderTests */,
			);
			name = VLImageUploaderTests;
			packageProductDependencies = (
			);
			productName = VLImageUploaderTests;
			productReference = 42681FD52CD5067E00D445D2 /* VLImageUploaderTests.xctest */;
			productType = "com.apple.product-type.bundle.unit-test";
		};
		42681FDE2CD5067E00D445D2 /* VLImageUploaderUITests */ = {
			isa = PBXNativeTarget;
			buildConfigurationList = 42681FF02CD5067E00D445D2 /* Build configuration list for PBXNativeTarget "VLImageUploaderUITests" */;
			buildPhases = (
				42681FDB2CD5067E00D445D2 /* Sources */,
				42681FDC2CD5067E00D445D2 /* Frameworks */,
				42681FDD2CD5067E00D445D2 /* Resources */,
			);
			buildRules = (
			);
			dependencies = (
				42681FE12CD5067E00D445D2 /* PBXTargetDependency */,
			);
			fileSystemSynchronizedGroups = (
				42681FE22CD5067E00D445D2 /* VLImageUploaderUITests */,
			);
			name = VLImageUploaderUITests;
			packageProductDependencies = (
			);
			productName = VLImageUploaderUITests;
			productReference = 42681FDF2CD5067E00D445D2 /* VLImageUploaderUITests.xctest */;
			productType = "com.apple.product-type.bundle.ui-testing";
		};
/* End PBXNativeTarget section */

/* Begin PBXProject section */
		42681FB72CD5067D00D445D2 /* Project object */ = {
			isa = PBXProject;
			attributes = {
				BuildIndependentTargetsInParallel = 1;
				LastSwiftUpdateCheck = 1600;
				LastUpgradeCheck = 1600;
				TargetAttributes = {
					42681FBE2CD5067D00D445D2 = {
						CreatedOnToolsVersion = 16.0;
					};
					42681FD42CD5067E00D445D2 = {
						CreatedOnToolsVersion = 16.0;
						TestTargetID = 42681FBE2CD5067D00D445D2;
					};
					42681FDE2CD5067E00D445D2 = {
						CreatedOnToolsVersion = 16.0;
						TestTargetID = 42681FBE2CD5067D00D445D2;
					};
				};
			};
			buildConfigurationList = 42681FBA2CD5067D00D445D2 /* Build configuration list for PBXProject "VLImageUploader" */;
			developmentRegion = en;
			hasScannedForEncodings = 0;
			knownRegions = (
				en,
				Base,
			);
			mainGroup = 42681FB62CD5067D00D445D2;
			minimizedProjectReferenceProxies = 1;
			packageReferences = (
				426820092CD508B300D445D2 /* XCRemoteSwiftPackageReference "ZIPFoundation" */,
			);
			preferredProjectObjectVersion = 77;
			productRefGroup = 42681FC02CD5067D00D445D2 /* Products */;
			projectDirPath = "";
			projectRoot = "";
			targets = (
				42681FBE2CD5067D00D445D2 /* VLImageUploader */,
				42681FD42CD5067E00D445D2 /* VLImageUploaderTests */,
				42681FDE2CD5067E00D445D2 /* VLImageUploaderUITests */,
			);
		};
/* End PBXProject section */

/* Begin PBXResourcesBuildPhase section */
		42681FBD2CD5067D00D445D2 /* Resources */ = {
			isa = PBXResourcesBuildPhase;
			buildActionMask = 2147483647;
			files = (
			);
			runOnlyForDeploymentPostprocessing = 0;
		};
		42681FD32CD5067E00D445D2 /* Resources */ = {
			isa = PBXResourcesBuildPhase;
			buildActionMask = 2147483647;
			files = (
			);
			runOnlyForDeploymentPostprocessing = 0;
		};
		42681FDD2CD5067E00D445D2 /* Resources */ = {
			isa = PBXResourcesBuildPhase;
			buildActionMask = 2147483647;
			files = (
			);
			runOnlyForDeploymentPostprocessing = 0;
		};
/* End PBXResourcesBuildPhase section */

/* Begin PBXSourcesBuildPhase section */
		42681FBB2CD5067D00D445D2 /* Sources */ = {
			isa = PBXSourcesBuildPhase;
			buildActionMask = 2147483647;
			files = (
			);
			runOnlyForDeploymentPostprocessing = 0;
		};
		42681FD12CD5067E00D445D2 /* Sources */ = {
			isa = PBXSourcesBuildPhase;
			buildActionMask = 2147483647;
			files = (
			);
			runOnlyForDeploymentPostprocessing = 0;
		};
		42681FDB2CD5067E00D445D2 /* Sources */ = {
			isa = PBXSourcesBuildPhase;
			buildActionMask = 2147483647;
			files = (
			);
			runOnlyForDeploymentPostprocessing = 0;
		};
/* End PBXSourcesBuildPhase section */

/* Begin PBXTargetDependency section */
		42681FD72CD5067E00D445D2 /* PBXTargetDependency */ = {
			isa = PBXTargetDependency;
			target = 42681FBE2CD5067D00D445D2 /* VLImageUploader */;
			targetProxy = 42681FD62CD5067E00D445D2 /* PBXContainerItemProxy */;
		};
		42681FE12CD5067E00D445D2 /* PBXTargetDependency */ = {
			isa = PBXTargetDependency;
			target = 42681FBE2CD5067D00D445D2 /* VLImageUploader */;
			targetProxy = 42681FE02CD5067E00D445D2 /* PBXContainerItemProxy */;
		};
/* End PBXTargetDependency section */

/* Begin XCBuildConfiguration section */
		42681FE92CD5067E00D445D2 /* Debug */ = {
			isa = XCBuildConfiguration;
			buildSettings = {
				ASSETCATALOG_COMPILER_APPICON_NAME = AppIcon;
				ASSETCATALOG_COMPILER_GLOBAL_ACCENT_COLOR_NAME = AccentColor;
				CODE_SIGN_IDENTITY = "Apple Development";
				CODE_SIGN_STYLE = Automatic;
				CURRENT_PROJECT_VERSION = 1;
				DEVELOPMENT_TEAM = 4QZ2XHAJD7;
				GENERATE_INFOPLIST_FILE = YES;
				INFOPLIST_FILE = VLImageUploader/Info.plist;
				INFOPLIST_KEY_UIApplicationSupportsIndirectInputEvents = YES;
				INFOPLIST_KEY_UILaunchStoryboardName = LaunchScreen;
				INFOPLIST_KEY_UIMainStoryboardFile = Main;
				INFOPLIST_KEY_UISupportedInterfaceOrientations_iPad = "UIInterfaceOrientationPortrait UIInterfaceOrientationPortraitUpsideDown UIInterfaceOrientationLandscapeLeft UIInterfaceOrientationLandscapeRight";
				INFOPLIST_KEY_UISupportedInterfaceOrientations_iPhone = "UIInterfaceOrientationPortrait UIInterfaceOrientationLandscapeLeft UIInterfaceOrientationLandscapeRight";
				IPHONEOS_DEPLOYMENT_TARGET = 17.6;
				LD_RUNPATH_SEARCH_PATHS = (
					"$(inherited)",
					"@executable_path/Frameworks",
				);
				MARKETING_VERSION = 1.0;
				PRODUCT_BUNDLE_IDENTIFIER = img.VLImageUploader;
				PRODUCT_NAME = "$(TARGET_NAME)";
				PROVISIONING_PROFILE_SPECIFIER = "";
				SWIFT_EMIT_LOC_STRINGS = YES;
				SWIFT_VERSION = 5.0;
				TARGETED_DEVICE_FAMILY = "1,2";
			};
			name = Debug;
		};
		42681FEA2CD5067E00D445D2 /* Release */ = {
			isa = XCBuildConfiguration;
			buildSettings = {
				ASSETCATALOG_COMPILER_APPICON_NAME = AppIcon;
				ASSETCATALOG_COMPILER_GLOBAL_ACCENT_COLOR_NAME = AccentColor;
				CODE_SIGN_IDENTITY = "Apple Development";
				CODE_SIGN_STYLE = Automatic;
				CURRENT_PROJECT_VERSION = 1;
				DEVELOPMENT_TEAM = 4QZ2XHAJD7;
				GENERATE_INFOPLIST_FILE = YES;
				INFOPLIST_FILE = VLImageUploader/Info.plist;
				INFOPLIST_KEY_UIApplicationSupportsIndirectInputEvents = YES;
				INFOPLIST_KEY_UILaunchStoryboardName = LaunchScreen;
				INFOPLIST_KEY_UIMainStoryboardFile = Main;
				INFOPLIST_KEY_UISupportedInterfaceOrientations_iPad = "UIInterfaceOrientationPortrait UIInterfaceOrientationPortraitUpsideDown UIInterfaceOrientationLandscapeLeft UIInterfaceOrientationLandscapeRight";
				INFOPLIST_KEY_UISupportedInterfaceOrientations_iPhone = "UIInterfaceOrientationPortrait UIInterfaceOrientationLandscapeLeft UIInterfaceOrientationLandscapeRight";
				IPHONEOS_DEPLOYMENT_TARGET = 17.6;
				LD_RUNPATH_SEARCH_PATHS = (
					"$(inherited)",
					"@executable_path/Frameworks",
				);
				MARKETING_VERSION = 1.0;
				PRODUCT_BUNDLE_IDENTIFIER = img.VLImageUploader;
				PRODUCT_NAME = "$(TARGET_NAME)";
				PROVISIONING_PROFILE_SPECIFIER = "";
				SWIFT_EMIT_LOC_STRINGS = YES;
				SWIFT_VERSION = 5.0;
				TARGETED_DEVICE_FAMILY = "1,2";
			};
			name = Release;
		};
		42681FEB2CD5067E00D445D2 /* Debug */ = {
			isa = XCBuildConfiguration;
			buildSettings = {
				ALWAYS_SEARCH_USER_PATHS = NO;
				ASSETCATALOG_COMPILER_GENERATE_SWIFT_ASSET_SYMBOL_EXTENSIONS = YES;
				CLANG_ANALYZER_NONNULL = YES;
				CLANG_ANALYZER_NUMBER_OBJECT_CONVERSION = YES_AGGRESSIVE;
				CLANG_CXX_LANGUAGE_STANDARD = "gnu++20";
				CLANG_ENABLE_MODULES = YES;
				CLANG_ENABLE_OBJC_ARC = YES;
				CLANG_ENABLE_OBJC_WEAK = YES;
				CLANG_WARN_BLOCK_CAPTURE_AUTORELEASING = YES;
				CLANG_WARN_BOOL_CONVERSION = YES;
				CLANG_WARN_COMMA = YES;
				CLANG_WARN_CONSTANT_CONVERSION = YES;
				CLANG_WARN_DEPRECATED_OBJC_IMPLEMENTATIONS = YES;
				CLANG_WARN_DIRECT_OBJC_ISA_USAGE = YES_ERROR;
				CLANG_WARN_DOCUMENTATION_COMMENTS = YES;
				CLANG_WARN_EMPTY_BODY = YES;
				CLANG_WARN_ENUM_CONVERSION = YES;
				CLANG_WARN_INFINITE_RECURSION = YES;
				CLANG_WARN_INT_CONVERSION = YES;
				CLANG_WARN_NON_LITERAL_NULL_CONVERSION = YES;
				CLANG_WARN_OBJC_IMPLICIT_RETAIN_SELF = YES;
				CLANG_WARN_OBJC_LITERAL_CONVERSION = YES;
				CLANG_WARN_OBJC_ROOT_CLASS = YES_ERROR;
				CLANG_WARN_QUOTED_INCLUDE_IN_FRAMEWORK_HEADER = YES;
				CLANG_WARN_RANGE_LOOP_ANALYSIS = YES;
				CLANG_WARN_STRICT_PROTOTYPES = YES;
				CLANG_WARN_SUSPICIOUS_MOVE = YES;
				CLANG_WARN_UNGUARDED_AVAILABILITY = YES_AGGRESSIVE;
				CLANG_WARN_UNREACHABLE_CODE = YES;
				CLANG_WARN__DUPLICATE_METHOD_MATCH = YES;
				COPY_PHASE_STRIP = NO;
				DEBUG_INFORMATION_FORMAT = dwarf;
				ENABLE_STRICT_OBJC_MSGSEND = YES;
				ENABLE_TESTABILITY = YES;
				ENABLE_USER_SCRIPT_SANDBOXING = YES;
				GCC_C_LANGUAGE_STANDARD = gnu17;
				GCC_DYNAMIC_NO_PIC = NO;
				GCC_NO_COMMON_BLOCKS = YES;
				GCC_OPTIMIZATION_LEVEL = 0;
				GCC_PREPROCESSOR_DEFINITIONS = (
					"DEBUG=1",
					"$(inherited)",
				);
				GCC_WARN_64_TO_32_BIT_CONVERSION = YES;
				GCC_WARN_ABOUT_RETURN_TYPE = YES_ERROR;
				GCC_WARN_UNDECLARED_SELECTOR = YES;
				GCC_WARN_UNINITIALIZED_AUTOS = YES_AGGRESSIVE;
				GCC_WARN_UNUSED_FUNCTION = YES;
				GCC_WARN_UNUSED_VARIABLE = YES;
				IPHONEOS_DEPLOYMENT_TARGET = 18.0;
				LOCALIZATION_PREFERS_STRING_CATALOGS = YES;
				MTL_ENABLE_DEBUG_INFO = INCLUDE_SOURCE;
				MTL_FAST_MATH = YES;
				ONLY_ACTIVE_ARCH = YES;
				SDKROOT = iphoneos;
				SWIFT_ACTIVE_COMPILATION_CONDITIONS = "DEBUG $(inherited)";
				SWIFT_OPTIMIZATION_LEVEL = "-Onone";
			};
			name = Debug;
		};
		42681FEC2CD5067E00D445D2 /* Release */ = {
			isa = XCBuildConfiguration;
			buildSettings = {
				ALWAYS_SEARCH_USER_PATHS = NO;
				ASSETCATALOG_COMPILER_GENERATE_SWIFT_ASSET_SYMBOL_EXTENSIONS = YES;
				CLANG_ANALYZER_NONNULL = YES;
				CLANG_ANALYZER_NUMBER_OBJECT_CONVERSION = YES_AGGRESSIVE;
				CLANG_CXX_LANGUAGE_STANDARD = "gnu++20";
				CLANG_ENABLE_MODULES = YES;
				CLANG_ENABLE_OBJC_ARC = YES;
				CLANG_ENABLE_OBJC_WEAK = YES;
				CLANG_WARN_BLOCK_CAPTURE_AUTORELEASING = YES;
				CLANG_WARN_BOOL_CONVERSION = YES;
				CLANG_WARN_COMMA = YES;
				CLANG_WARN_CONSTANT_CONVERSION = YES;
				CLANG_WARN_DEPRECATED_OBJC_IMPLEMENTATIONS = YES;
				CLANG_WARN_DIRECT_OBJC_ISA_USAGE = YES_ERROR;
				CLANG_WARN_DOCUMENTATION_COMMENTS = YES;
				CLANG_WARN_EMPTY_BODY = YES;
				CLANG_WARN_ENUM_CONVERSION = YES;
				CLANG_WARN_INFINITE_RECURSION = YES;
				CLANG_WARN_INT_CONVERSION = YES;
				CLANG_WARN_NON_LITERAL_NULL_CONVERSION = YES;
				CLANG_WARN_OBJC_IMPLICIT_RETAIN_SELF = YES;
				CLANG_WARN_OBJC_LITERAL_CONVERSION = YES;
				CLANG_WARN_OBJC_ROOT_CLASS = YES_ERROR;
				CLANG_WARN_QUOTED_INCLUDE_IN_FRAMEWORK_HEADER = YES;
				CLANG_WARN_RANGE_LOOP_ANALYSIS = YES;
				CLANG_WARN_STRICT_PROTOTYPES = YES;
				CLANG_WARN_SUSPICIOUS_MOVE = YES;
				CLANG_WARN_UNGUARDED_AVAILABILITY = YES_AGGRESSIVE;
				CLANG_WARN_UNREACHABLE_CODE = YES;
				CLANG_WARN__DUPLICATE_METHOD_MATCH = YES;
				COPY_PHASE_STRIP = NO;
				DEBUG_INFORMATION_FORMAT = "dwarf-with-dsym";
				ENABLE_NS_ASSERTIONS = NO;
				ENABLE_STRICT_OBJC_MSGSEND = YES;
				ENABLE_USER_SCRIPT_SANDBOXING = YES;
				GCC_C_LANGUAGE_STANDARD = gnu17;
				GCC_NO_COMMON_BLOCKS = YES;
				GCC_WARN_64_TO_32_BIT_CONVERSION = YES;
				GCC_WARN_ABOUT_RETURN_TYPE = YES_ERROR;
				GCC_WARN_UNDECLARED_SELECTOR = YES;
				GCC_WARN_UNINITIALIZED_AUTOS = YES_AGGRESSIVE;
				GCC_WARN_UNUSED_FUNCTION = YES;
				GCC_WARN_UNUSED_VARIABLE = YES;
				IPHONEOS_DEPLOYMENT_TARGET = 18.0;
				LOCALIZATION_PREFERS_STRING_CATALOGS = YES;
				MTL_ENABLE_DEBUG_INFO = NO;
				MTL_FAST_MATH = YES;
				SDKROOT = iphoneos;
				SWIFT_COMPILATION_MODE = wholemodule;
				VALIDATE_PRODUCT = YES;
			};
			name = Release;
		};
		42681FEE2CD5067E00D445D2 /* Debug */ = {
			isa = XCBuildConfiguration;
			buildSettings = {
				BUNDLE_LOADER = "$(TEST_HOST)";
				CODE_SIGN_STYLE = Automatic;
				CURRENT_PROJECT_VERSION = 1;
				GENERATE_INFOPLIST_FILE = YES;
				IPHONEOS_DEPLOYMENT_TARGET = 18.0;
				MARKETING_VERSION = 1.0;
				PRODUCT_BUNDLE_IDENTIFIER = img.VLImageUploaderTests;
				PRODUCT_NAME = "$(TARGET_NAME)";
				SWIFT_EMIT_LOC_STRINGS = NO;
				SWIFT_VERSION = 5.0;
				TARGETED_DEVICE_FAMILY = "1,2";
				TEST_HOST = "$(BUILT_PRODUCTS_DIR)/VLImageUploader.app/$(BUNDLE_EXECUTABLE_FOLDER_PATH)/VLImageUploader";
			};
			name = Debug;
		};
		42681FEF2CD5067E00D445D2 /* Release */ = {
			isa = XCBuildConfiguration;
			buildSettings = {
				BUNDLE_LOADER = "$(TEST_HOST)";
				CODE_SIGN_STYLE = Automatic;
				CURRENT_PROJECT_VERSION = 1;
				GENERATE_INFOPLIST_FILE = YES;
				IPHONEOS_DEPLOYMENT_TARGET = 18.0;
				MARKETING_VERSION = 1.0;
				PRODUCT_BUNDLE_IDENTIFIER = img.VLImageUploaderTests;
				PRODUCT_NAME = "$(TARGET_NAME)";
				SWIFT_EMIT_LOC_STRINGS = NO;
				SWIFT_VERSION = 5.0;
				TARGETED_DEVICE_FAMILY = "1,2";
				TEST_HOST = "$(BUILT_PRODUCTS_DIR)/VLImageUploader.app/$(BUNDLE_EXECUTABLE_FOLDER_PATH)/VLImageUploader";
			};
			name = Release;
		};
		42681FF12CD5067E00D445D2 /* Debug */ = {
			isa = XCBuildConfiguration;
			buildSettings = {
				CODE_SIGN_STYLE = Automatic;
				CURRENT_PROJECT_VERSION = 1;
				GENERATE_INFOPLIST_FILE = YES;
				MARKETING_VERSION = 1.0;
				PRODUCT_BUNDLE_IDENTIFIER = img.VLImageUploaderUITests;
				PRODUCT_NAME = "$(TARGET_NAME)";
				SWIFT_EMIT_LOC_STRINGS = NO;
				SWIFT_VERSION = 5.0;
				TARGETED_DEVICE_FAMILY = "1,2";
				TEST_TARGET_NAME = VLImageUploader;
			};
			name = Debug;
		};
		42681FF22CD5067E00D445D2 /* Release */ = {
			isa = XCBuildConfiguration;
			buildSettings = {
				CODE_SIGN_STYLE = Automatic;
				CURRENT_PROJECT_VERSION = 1;
				GENERATE_INFOPLIST_FILE = YES;
				MARKETING_VERSION = 1.0;
				PRODUCT_BUNDLE_IDENTIFIER = img.VLImageUploaderUITests;
				PRODUCT_NAME = "$(TARGET_NAME)";
				SWIFT_EMIT_LOC_STRINGS = NO;
				SWIFT_VERSION = 5.0;
				TARGETED_DEVICE_FAMILY = "1,2";
				TEST_TARGET_NAME = VLImageUploader;
			};
			name = Release;
		};
/* End XCBuildConfiguration section */

/* Begin XCConfigurationList section */
		42681FBA2CD5067D00D445D2 /* Build configuration list for PBXProject "VLImageUploader" */ = {
			isa = XCConfigurationList;
			buildConfigurations = (
				42681FEB2CD5067E00D445D2 /* Debug */,
				42681FEC2CD5067E00D445D2 /* Release */,
			);
			defaultConfigurationIsVisible = 0;
			defaultConfigurationName = Release;
		};
		42681FE82CD5067E00D445D2 /* Build configuration list for PBXNativeTarget "VLImageUploader" */ = {
			isa = XCConfigurationList;
			buildConfigurations = (
				42681FE92CD5067E00D445D2 /* Debug */,
				42681FEA2CD5067E00D445D2 /* Release */,
			);
			defaultConfigurationIsVisible = 0;
			defaultConfigurationName = Release;
		};
		42681FED2CD5067E00D445D2 /* Build configuration list for PBXNativeTarget "VLImageUploaderTests" */ = {
			isa = XCConfigurationList;
			buildConfigurations = (
				42681FEE2CD5067E00D445D2 /* Debug */,
				42681FEF2CD5067E00D445D2 /* Release */,
			);
			defaultConfigurationIsVisible = 0;
			defaultConfigurationName = Release;
		};
		42681FF02CD5067E00D445D2 /* Build configuration list for PBXNativeTarget "VLImageUploaderUITests" */ = {
			isa = XCConfigurationList;
			buildConfigurations = (
				42681FF12CD5067E00D445D2 /* Debug */,
				42681FF22CD5067E00D445D2 /* Release */,
			);
			defaultConfigurationIsVisible = 0;
			defaultConfigurationName = Release;
		};
/* End XCConfigurationList section */

/* Begin XCRemoteSwiftPackageReference section */
		426820092CD508B300D445D2 /* XCRemoteSwiftPackageReference "ZIPFoundation" */ = {
			isa = XCRemoteSwiftPackageReference;
			repositoryURL = "https://github.com/weichsel/ZIPFoundation";
			requirement = {
				kind = upToNextMajorVersion;
				minimumVersion = 0.9.19;
			};
		};
/* End XCRemoteSwiftPackageReference section */

/* Begin XCSwiftPackageProductDependency section */
		4268200B2CD509AE00D445D2 /* ZIPFoundation */ = {
			isa = XCSwiftPackageProductDependency;
			package = 426820092CD508B300D445D2 /* XCRemoteSwiftPackageReference "ZIPFoundation" */;
			productName = ZIPFoundation;
		};
/* End XCSwiftPackageProductDependency section */
	};
	rootObject = 42681FB72CD5067D00D445D2 /* Project object */;
}
